
Microsoft Visual Studio Solution File, Format Version 12.00
# Visual Studio 15
VisualStudioVersion = 15.0.28307.438
MinimumVisualStudioVersion = 10.0.40219.1
Project("{FAE04EC0-301F-11D3-BF4B-00C04F79EFBC}") = "demo", "demo\demo.csproj", "{0E2CD0C5-8A0B-4B02-A4D7-F1AA8856B2F2}"
EndProject
Global
	GlobalSection(SolutionConfigurationPlatforms) = preSolution
		Debug|Any CPU = Debug|Any CPU
		Release|Any CPU = Release|Any CPU
	EndGlobalSection
	GlobalSection(ProjectConfigurationPlatforms) = postSolution
		{0E2CD0C5-8A0B-4B02-A4D7-F1AA8856B2F2}.Debug|Any CPU.ActiveCfg = Debug|Any CPU
		{0E2CD0C5-8A0B-4B02-A4D7-F1AA8856B2F2}.Debug|Any CPU.Build.0 = Debug|Any CPU
		{0E2CD0C5-8A0B-4B02-A4D7-F1AA8856B2F2}.Release|Any CPU.ActiveCfg = Release|Any CPU
		{0E2CD0C5-8A0B-4B02-A4D7-F1AA8856B2F2}.Release|Any CPU.Build.0 = Release|Any CPU
	EndGlobalSection
	GlobalSection(SolutionProperties) = preSolution
		HideSolutionNode = FALSE
	EndGlobalSection
	GlobalSection(ExtensibilityGlobals) = postSolution
		SolutionGuid = {FF7750D2-5837-4C53-AC75-4CC3A298FE4D}
	EndGlobalSection
EndGlobal
